# This file is automatically @generated by Wally.
# It is not intended for manual editing.
registry = "test"

[[package]]
name = "ddashdev/profilestore"
version = "1.0.4"
dependencies = []

[[package]]
name = "mountaindouw/simplesignal"
version = "1.2.3"
dependencies = []

[[package]]
name = "ouw2204/faye"
version = "2.5.0"
dependencies = [["simplesignal", "mountaindouw/simplesignal@1.2.3"]]

[[package]]
name = "shonclash/shonclash"
version = "0.1.0"
dependencies = [["Faye", "ouw2204/faye@2.5.0"], ["Replica", "thehoosky/replica@1.0.2"], ["ProfileStore", "ddashdev/profilestore@1.0.4"]]

[[package]]
name = "thehoosky/replica"
version = "1.0.2"
dependencies = []
